
Microsoft Visual Studio Solution File, Format Version 12.00
# Visual Studio Version 17
VisualStudioVersion = 17.1.32328.378
MinimumVisualStudioVersion = 10.0.40219.1
Project("{FAE04EC0-301F-11D3-BF4B-00C04F79EFBC}") = "MinimalApi", "MinimalApi\MinimalApi.csproj", "{36FC6E0A-0081-4056-B68D-ABF637873B3A}"
EndProject
Global
	GlobalSection(SolutionConfigurationPlatforms) = preSolution
		Debug|Any CPU = Debug|Any CPU
		Release|Any CPU = Release|Any CPU
	EndGlobalSection
	GlobalSection(ProjectConfigurationPlatforms) = postSolution
		{36FC6E0A-0081-4056-B68D-ABF637873B3A}.Debug|Any CPU.ActiveCfg = Debug|Any CPU
		{36FC6E0A-0081-4056-B68D-ABF637873B3A}.Debug|Any CPU.Build.0 = Debug|Any CPU
		{36FC6E0A-0081-4056-B68D-ABF637873B3A}.Release|Any CPU.ActiveCfg = Release|Any CPU
		{36FC6E0A-0081-4056-B68D-ABF637873B3A}.Release|Any CPU.Build.0 = Release|Any CPU
	EndGlobalSection
	GlobalSection(SolutionProperties) = preSolution
		HideSolutionNode = FALSE
	EndGlobalSection
	GlobalSection(ExtensibilityGlobals) = postSolution
		SolutionGuid = {989F2088-996E-48D7-B2A9-57FC2B6CF415}
	EndGlobalSection
EndGlobal
